
Microsoft Visual Studio Solution File, Format Version 12.00
# Visual Studio Version 17
VisualStudioVersion = 17.7.34031.279
MinimumVisualStudioVersion = 10.0.40219.1
Project("{FAE04EC0-301F-11D3-BF4B-00C04F79EFBC}") = "HomeWorkforWeek14", "HomeWorkforWeek14\HomeWorkforWeek14.csproj", "{F6033428-1CC1-400A-8944-32A9A07C9C98}"
EndProject
Global
	GlobalSection(SolutionConfigurationPlatforms) = preSolution
		Debug|Any CPU = Debug|Any CPU
		Release|Any CPU = Release|Any CPU
	EndGlobalSection
	GlobalSection(ProjectConfigurationPlatforms) = postSolution
		{F6033428-1CC1-400A-8944-32A9A07C9C98}.Debug|Any CPU.ActiveCfg = Debug|Any CPU
		{F6033428-1CC1-400A-8944-32A9A07C9C98}.Debug|Any CPU.Build.0 = Debug|Any CPU
		{F6033428-1CC1-400A-8944-32A9A07C9C98}.Release|Any CPU.ActiveCfg = Release|Any CPU
		{F6033428-1CC1-400A-8944-32A9A07C9C98}.Release|Any CPU.Build.0 = Release|Any CPU
	EndGlobalSection
	GlobalSection(SolutionProperties) = preSolution
		HideSolutionNode = FALSE
	EndGlobalSection
	GlobalSection(ExtensibilityGlobals) = postSolution
		SolutionGuid = {E8BE5538-3FED-445D-8FE6-68CEC2FB6727}
	EndGlobalSection
EndGlobal
